
Microsoft Visual Studio Solution File, Format Version 12.00
# Visual Studio 15
Project("{FAE04EC0-301F-11D3-BF4B-00C04F79EFBC}") = "Assembly-CSharp", "Assembly-CSharp.csproj", "{C1B311A1-6F70-0A15-40AB-60E9FE4CA078}"
EndProject
Global
	GlobalSection(SolutionConfigurationPlatforms) = preSolution
		Debug|Any CPU = Debug|Any CPU
		Release|Any CPU = Release|Any CPU
	EndGlobalSection
	GlobalSection(ProjectConfigurationPlatforms) = postSolution
		{C1B311A1-6F70-0A15-40AB-60E9FE4CA078}.Debug|Any CPU.ActiveCfg = Debug|Any CPU
		{C1B311A1-6F70-0A15-40AB-60E9FE4CA078}.Debug|Any CPU.Build.0 = Debug|Any CPU
		{C1B311A1-6F70-0A15-40AB-60E9FE4CA078}.Release|Any CPU.ActiveCfg = Release|Any CPU
		{C1B311A1-6F70-0A15-40AB-60E9FE4CA078}.Release|Any CPU.Build.0 = Release|Any CPU
	EndGlobalSection
	GlobalSection(SolutionProperties) = preSolution
		HideSolutionNode = FALSE
	EndGlobalSection
EndGlobal
